
Microsoft Visual Studio Solution File, Format Version 12.00
# Visual Studio 15
VisualStudioVersion = 15.0.28010.2046
MinimumVisualStudioVersion = 10.0.40219.1
Project("{FAE04EC0-301F-11D3-BF4B-00C04F79EFBC}") = "Vipets.Android", "Vipets\Vipets.Android\Vipets.Android.csproj", "{DC0285DB-6DCB-4DA2-9C43-A38B40F45D77}"
EndProject
Project("{FAE04EC0-301F-11D3-BF4B-00C04F79EFBC}") = "Vipets.iOS", "Vipets\Vipets.iOS\Vipets.iOS.csproj", "{BDC02DE7-A4E2-4AC4-BFD1-A96D1FDEB985}"
EndProject
Project("{FAE04EC0-301F-11D3-BF4B-00C04F79EFBC}") = "Vipets", "Vipets\Vipets\Vipets.csproj", "{75334447-C396-4ADF-8E9A-B3F2681294BC}"
EndProject
Global
	GlobalSection(SolutionConfigurationPlatforms) = preSolution
		Ad-Hoc|Any CPU = Ad-Hoc|Any CPU
		Ad-Hoc|iPhone = Ad-Hoc|iPhone
		Ad-Hoc|iPhoneSimulator = Ad-Hoc|iPhoneSimulator
		AppStore|Any CPU = AppStore|Any CPU
		AppStore|iPhone = AppStore|iPhone
		AppStore|iPhoneSimulator = AppStore|iPhoneSimulator
		Debug|Any CPU = Debug|Any CPU
		Debug|iPhone = Debug|iPhone
		Debug|iPhoneSimulator = Debug|iPhoneSimulator
		Release|Any CPU = Release|Any CPU
		Release|iPhone = Release|iPhone
		Release|iPhoneSimulator = Release|iPhoneSimulator
	EndGlobalSection
	GlobalSection(ProjectConfigurationPlatforms) = postSolution
		{DC0285DB-6DCB-4DA2-9C43-A38B40F45D77}.Ad-Hoc|Any CPU.ActiveCfg = Release|Any CPU
		{DC0285DB-6DCB-4DA2-9C43-A38B40F45D77}.Ad-Hoc|Any CPU.Build.0 = Release|Any CPU
		{DC0285DB-6DCB-4DA2-9C43-A38B40F45D77}.Ad-Hoc|Any CPU.Deploy.0 = Release|Any CPU
		{DC0285DB-6DCB-4DA2-9C43-A38B40F45D77}.Ad-Hoc|iPhone.ActiveCfg = Release|Any CPU
		{DC0285DB-6DCB-4DA2-9C43-A38B40F45D77}.Ad-Hoc|iPhone.Build.0 = Release|Any CPU
		{DC0285DB-6DCB-4DA2-9C43-A38B40F45D77}.Ad-Hoc|iPhone.Deploy.0 = Release|Any CPU
		{DC0285DB-6DCB-4DA2-9C43-A38B40F45D77}.Ad-Hoc|iPhoneSimulator.ActiveCfg = Release|Any CPU
		{DC0285DB-6DCB-4DA2-9C43-A38B40F45D77}.Ad-Hoc|iPhoneSimulator.Build.0 = Release|Any CPU
		{DC0285DB-6DCB-4DA2-9C43-A38B40F45D77}.Ad-Hoc|iPhoneSimulator.Deploy.0 = Release|Any CPU
		{DC0285DB-6DCB-4DA2-9C43-A38B40F45D77}.AppStore|Any CPU.ActiveCfg = Release|Any CPU
		{DC0285DB-6DCB-4DA2-9C43-A38B40F45D77}.AppStore|Any CPU.Build.0 = Release|Any CPU
		{DC0285DB-6DCB-4DA2-9C43-A38B40F45D77}.AppStore|Any CPU.Deploy.0 = Release|Any CPU
		{DC0285DB-6DCB-4DA2-9C43-A38B40F45D77}.AppStore|iPhone.ActiveCfg = Release|Any CPU
		{DC0285DB-6DCB-4DA2-9C43-A38B40F45D77}.AppStore|iPhone.Build.0 = Release|Any CPU
		{DC0285DB-6DCB-4DA2-9C43-A38B40F45D77}.AppStore|iPhone.Deploy.0 = Release|Any CPU
		{DC0285DB-6DCB-4DA2-9C43-A38B40F45D77}.AppStore|iPhoneSimulator.ActiveCfg = Release|Any CPU
		{DC0285DB-6DCB-4DA2-9C43-A38B40F45D77}.AppStore|iPhoneSimulator.Build.0 = Release|Any CPU
		{DC0285DB-6DCB-4DA2-9C43-A38B40F45D77}.AppStore|iPhoneSimulator.Deploy.0 = Release|Any CPU
		{DC0285DB-6DCB-4DA2-9C43-A38B40F45D77}.Debug|Any CPU.ActiveCfg = Debug|Any CPU
		{DC0285DB-6DCB-4DA2-9C43-A38B40F45D77}.Debug|Any CPU.Build.0 = Debug|Any CPU
		{DC0285DB-6DCB-4DA2-9C43-A38B40F45D77}.Debug|Any CPU.Deploy.0 = Debug|Any CPU
		{DC0285DB-6DCB-4DA2-9C43-A38B40F45D77}.Debug|iPhone.ActiveCfg = Debug|Any CPU
		{DC0285DB-6DCB-4DA2-9C43-A38B40F45D77}.Debug|iPhone.Build.0 = Debug|Any CPU
		{DC0285DB-6DCB-4DA2-9C43-A38B40F45D77}.Debug|iPhone.Deploy.0 = Debug|Any CPU
		{DC0285DB-6DCB-4DA2-9C43-A38B40F45D77}.Debug|iPhoneSimulator.ActiveCfg = Debug|Any CPU
		{DC0285DB-6DCB-4DA2-9C43-A38B40F45D77}.Debug|iPhoneSimulator.Build.0 = Debug|Any CPU
		{DC0285DB-6DCB-4DA2-9C43-A38B40F45D77}.Debug|iPhoneSimulator.Deploy.0 = Debug|Any CPU
		{DC0285DB-6DCB-4DA2-9C43-A38B40F45D77}.Release|Any CPU.ActiveCfg = Release|Any CPU
		{DC0285DB-6DCB-4DA2-9C43-A38B40F45D77}.Release|Any CPU.Build.0 = Release|Any CPU
		{DC0285DB-6DCB-4DA2-9C43-A38B40F45D77}.Release|Any CPU.Deploy.0 = Release|Any CPU
		{DC0285DB-6DCB-4DA2-9C43-A38B40F45D77}.Release|iPhone.ActiveCfg = Release|Any CPU
		{DC0285DB-6DCB-4DA2-9C43-A38B40F45D77}.Release|iPhone.Build.0 = Release|Any CPU
		{DC0285DB-6DCB-4DA2-9C43-A38B40F45D77}.Release|iPhone.Deploy.0 = Release|Any CPU
		{DC0285DB-6DCB-4DA2-9C43-A38B40F45D77}.Release|iPhoneSimulator.ActiveCfg = Release|Any CPU
		{DC0285DB-6DCB-4DA2-9C43-A38B40F45D77}.Release|iPhoneSimulator.Build.0 = Release|Any CPU
		{DC0285DB-6DCB-4DA2-9C43-A38B40F45D77}.Release|iPhoneSimulator.Deploy.0 = Release|Any CPU
		{BDC02DE7-A4E2-4AC4-BFD1-A96D1FDEB985}.Ad-Hoc|Any CPU.ActiveCfg = Ad-Hoc|iPhone
		{BDC02DE7-A4E2-4AC4-BFD1-A96D1FDEB985}.Ad-Hoc|Any CPU.Build.0 = Ad-Hoc|iPhone
		{BDC02DE7-A4E2-4AC4-BFD1-A96D1FDEB985}.Ad-Hoc|Any CPU.Deploy.0 = Ad-Hoc|iPhone
		{BDC02DE7-A4E2-4AC4-BFD1-A96D1FDEB985}.Ad-Hoc|iPhone.ActiveCfg = Ad-Hoc|iPhone
		{BDC02DE7-A4E2-4AC4-BFD1-A96D1FDEB985}.Ad-Hoc|iPhone.Build.0 = Ad-Hoc|iPhone
		{BDC02DE7-A4E2-4AC4-BFD1-A96D1FDEB985}.Ad-Hoc|iPhone.Deploy.0 = Ad-Hoc|iPhone
		{BDC02DE7-A4E2-4AC4-BFD1-A96D1FDEB985}.Ad-Hoc|iPhoneSimulator.ActiveCfg = Ad-Hoc|iPhoneSimulator
		{BDC02DE7-A4E2-4AC4-BFD1-A96D1FDEB985}.Ad-Hoc|iPhoneSimulator.Build.0 = Ad-Hoc|iPhoneSimulator
		{BDC02DE7-A4E2-4AC4-BFD1-A96D1FDEB985}.Ad-Hoc|iPhoneSimulator.Deploy.0 = Ad-Hoc|iPhoneSimulator
		{BDC02DE7-A4E2-4AC4-BFD1-A96D1FDEB985}.AppStore|Any CPU.ActiveCfg = AppStore|iPhone
		{BDC02DE7-A4E2-4AC4-BFD1-A96D1FDEB985}.AppStore|Any CPU.Build.0 = AppStore|iPhone
		{BDC02DE7-A4E2-4AC4-BFD1-A96D1FDEB985}.AppStore|Any CPU.Deploy.0 = AppStore|iPhone
		{BDC02DE7-A4E2-4AC4-BFD1-A96D1FDEB985}.AppStore|iPhone.ActiveCfg = AppStore|iPhone
		{BDC02DE7-A4E2-4AC4-BFD1-A96D1FDEB985}.AppStore|iPhone.Build.0 = AppStore|iPhone
		{BDC02DE7-A4E2-4AC4-BFD1-A96D1FDEB985}.AppStore|iPhone.Deploy.0 = AppStore|iPhone
		{BDC02DE7-A4E2-4AC4-BFD1-A96D1FDEB985}.AppStore|iPhoneSimulator.ActiveCfg = AppStore|iPhoneSimulator
		{BDC02DE7-A4E2-4AC4-BFD1-A96D1FDEB985}.AppStore|iPhoneSimulator.Build.0 = AppStore|iPhoneSimulator
		{BDC02DE7-A4E2-4AC4-BFD1-A96D1FDEB985}.AppStore|iPhoneSimulator.Deploy.0 = AppStore|iPhoneSimulator
		{BDC02DE7-A4E2-4AC4-BFD1-A96D1FDEB985}.Debug|Any CPU.ActiveCfg = Debug|iPhoneSimulator
		{BDC02DE7-A4E2-4AC4-BFD1-A96D1FDEB985}.Debug|Any CPU.Build.0 = Debug|iPhoneSimulator
		{BDC02DE7-A4E2-4AC4-BFD1-A96D1FDEB985}.Debug|Any CPU.Deploy.0 = Debug|iPhoneSimulator
		{BDC02DE7-A4E2-4AC4-BFD1-A96D1FDEB985}.Debug|iPhone.ActiveCfg = Debug|iPhone
		{BDC02DE7-A4E2-4AC4-BFD1-A96D1FDEB985}.Debug|iPhone.Build.0 = Debug|iPhone
		{BDC02DE7-A4E2-4AC4-BFD1-A96D1FDEB985}.Debug|iPhone.Deploy.0 = Debug|iPhone
		{BDC02DE7-A4E2-4AC4-BFD1-A96D1FDEB985}.Debug|iPhoneSimulator.ActiveCfg = Debug|iPhoneSimulator
		{BDC02DE7-A4E2-4AC4-BFD1-A96D1FDEB985}.Debug|iPhoneSimulator.Build.0 = Debug|iPhoneSimulator
		{BDC02DE7-A4E2-4AC4-BFD1-A96D1FDEB985}.Debug|iPhoneSimulator.Deploy.0 = Debug|iPhoneSimulator
		{BDC02DE7-A4E2-4AC4-BFD1-A96D1FDEB985}.Release|Any CPU.ActiveCfg = Release|iPhone
		{BDC02DE7-A4E2-4AC4-BFD1-A96D1FDEB985}.Release|Any CPU.Build.0 = Release|iPhone
		{BDC02DE7-A4E2-4AC4-BFD1-A96D1FDEB985}.Release|Any CPU.Deploy.0 = Release|iPhone
		{BDC02DE7-A4E2-4AC4-BFD1-A96D1FDEB985}.Release|iPhone.ActiveCfg = Release|iPhone
		{BDC02DE7-A4E2-4AC4-BFD1-A96D1FDEB985}.Release|iPhone.Build.0 = Release|iPhone
		{BDC02DE7-A4E2-4AC4-BFD1-A96D1FDEB985}.Release|iPhone.Deploy.0 = Release|iPhone
		{BDC02DE7-A4E2-4AC4-BFD1-A96D1FDEB985}.Release|iPhoneSimulator.ActiveCfg = Release|iPhoneSimulator
		{BDC02DE7-A4E2-4AC4-BFD1-A96D1FDEB985}.Release|iPhoneSimulator.Build.0 = Release|iPhoneSimulator
		{BDC02DE7-A4E2-4AC4-BFD1-A96D1FDEB985}.Release|iPhoneSimulator.Deploy.0 = Release|iPhoneSimulator
		{75334447-C396-4ADF-8E9A-B3F2681294BC}.Ad-Hoc|Any CPU.ActiveCfg = Debug|Any CPU
		{75334447-C396-4ADF-8E9A-B3F2681294BC}.Ad-Hoc|Any CPU.Build.0 = Debug|Any CPU
		{75334447-C396-4ADF-8E9A-B3F2681294BC}.Ad-Hoc|Any CPU.Deploy.0 = Debug|Any CPU
		{75334447-C396-4ADF-8E9A-B3F2681294BC}.Ad-Hoc|iPhone.ActiveCfg = Debug|Any CPU
		{75334447-C396-4ADF-8E9A-B3F2681294BC}.Ad-Hoc|iPhone.Build.0 = Debug|Any CPU
		{75334447-C396-4ADF-8E9A-B3F2681294BC}.Ad-Hoc|iPhone.Deploy.0 = Debug|Any CPU
		{75334447-C396-4ADF-8E9A-B3F2681294BC}.Ad-Hoc|iPhoneSimulator.ActiveCfg = Debug|Any CPU
		{75334447-C396-4ADF-8E9A-B3F2681294BC}.Ad-Hoc|iPhoneSimulator.Build.0 = Debug|Any CPU
		{75334447-C396-4ADF-8E9A-B3F2681294BC}.Ad-Hoc|iPhoneSimulator.Deploy.0 = Debug|Any CPU
		{75334447-C396-4ADF-8E9A-B3F2681294BC}.AppStore|Any CPU.ActiveCfg = Debug|Any CPU
		{75334447-C396-4ADF-8E9A-B3F2681294BC}.AppStore|Any CPU.Build.0 = Debug|Any CPU
		{75334447-C396-4ADF-8E9A-B3F2681294BC}.AppStore|Any CPU.Deploy.0 = Debug|Any CPU
		{75334447-C396-4ADF-8E9A-B3F2681294BC}.AppStore|iPhone.ActiveCfg = Debug|Any CPU
		{75334447-C396-4ADF-8E9A-B3F2681294BC}.AppStore|iPhone.Build.0 = Debug|Any CPU
		{75334447-C396-4ADF-8E9A-B3F2681294BC}.AppStore|iPhone.Deploy.0 = Debug|Any CPU
		{75334447-C396-4ADF-8E9A-B3F2681294BC}.AppStore|iPhoneSimulator.ActiveCfg = Debug|Any CPU
		{75334447-C396-4ADF-8E9A-B3F2681294BC}.AppStore|iPhoneSimulator.Build.0 = Debug|Any CPU
		{75334447-C396-4ADF-8E9A-B3F2681294BC}.AppStore|iPhoneSimulator.Deploy.0 = Debug|Any CPU
		{75334447-C396-4ADF-8E9A-B3F2681294BC}.Debug|Any CPU.ActiveCfg = Debug|Any CPU
		{75334447-C396-4ADF-8E9A-B3F2681294BC}.Debug|Any CPU.Build.0 = Debug|Any CPU
		{75334447-C396-4ADF-8E9A-B3F2681294BC}.Debug|Any CPU.Deploy.0 = Debug|Any CPU
		{75334447-C396-4ADF-8E9A-B3F2681294BC}.Debug|iPhone.ActiveCfg = Debug|Any CPU
		{75334447-C396-4ADF-8E9A-B3F2681294BC}.Debug|iPhone.Build.0 = Debug|Any CPU
		{75334447-C396-4ADF-8E9A-B3F2681294BC}.Debug|iPhone.Deploy.0 = Debug|Any CPU
		{75334447-C396-4ADF-8E9A-B3F2681294BC}.Debug|iPhoneSimulator.ActiveCfg = Debug|Any CPU
		{75334447-C396-4ADF-8E9A-B3F2681294BC}.Debug|iPhoneSimulator.Build.0 = Debug|Any CPU
		{75334447-C396-4ADF-8E9A-B3F2681294BC}.Debug|iPhoneSimulator.Deploy.0 = Debug|Any CPU
		{75334447-C396-4ADF-8E9A-B3F2681294BC}.Release|Any CPU.ActiveCfg = Release|Any CPU
		{75334447-C396-4ADF-8E9A-B3F2681294BC}.Release|Any CPU.Build.0 = Release|Any CPU
		{75334447-C396-4ADF-8E9A-B3F2681294BC}.Release|Any CPU.Deploy.0 = Release|Any CPU
		{75334447-C396-4ADF-8E9A-B3F2681294BC}.Release|iPhone.ActiveCfg = Release|Any CPU
		{75334447-C396-4ADF-8E9A-B3F2681294BC}.Release|iPhone.Build.0 = Release|Any CPU
		{75334447-C396-4ADF-8E9A-B3F2681294BC}.Release|iPhone.Deploy.0 = Release|Any CPU
		{75334447-C396-4ADF-8E9A-B3F2681294BC}.Release|iPhoneSimulator.ActiveCfg = Release|Any CPU
		{75334447-C396-4ADF-8E9A-B3F2681294BC}.Release|iPhoneSimulator.Build.0 = Release|Any CPU
		{75334447-C396-4ADF-8E9A-B3F2681294BC}.Release|iPhoneSimulator.Deploy.0 = Release|Any CPU
	EndGlobalSection
	GlobalSection(SolutionProperties) = preSolution
		HideSolutionNode = FALSE
	EndGlobalSection
	GlobalSection(ExtensibilityGlobals) = postSolution
		SolutionGuid = {E30C8061-7146-454F-AEEC-CDB9FF9D9A6A}
	EndGlobalSection
EndGlobal
